
Microsoft Visual Studio Solution File, Format Version 12.00
# Visual Studio 15
Project("{FAE04EC0-301F-11D3-BF4B-00C04F79EFBC}") = "Assembly-CSharp", "Assembly-CSharp.csproj", "{858C28F2-1B8C-9FF8-BF09-4B58E2AD881A}"
EndProject
Project("{FAE04EC0-301F-11D3-BF4B-00C04F79EFBC}") = "Assembly-CSharp-firstpass", "Assembly-CSharp-firstpass.csproj", "{F009BEEE-FED2-277E-2DB6-9ED4299659B6}"
EndProject
Project("{FAE04EC0-301F-11D3-BF4B-00C04F79EFBC}") = "Assembly-CSharp-Editor-firstpass", "Assembly-CSharp-Editor-firstpass.csproj", "{869D4A3B-4E68-F637-0054-C75726FE3A9D}"
EndProject
Global
	GlobalSection(SolutionConfigurationPlatforms) = preSolution
		Debug|Any CPU = Debug|Any CPU
		Release|Any CPU = Release|Any CPU
	EndGlobalSection
	GlobalSection(ProjectConfigurationPlatforms) = postSolution
		{858C28F2-1B8C-9FF8-BF09-4B58E2AD881A}.Debug|Any CPU.ActiveCfg = Debug|Any CPU
		{858C28F2-1B8C-9FF8-BF09-4B58E2AD881A}.Debug|Any CPU.Build.0 = Debug|Any CPU
		{858C28F2-1B8C-9FF8-BF09-4B58E2AD881A}.Release|Any CPU.ActiveCfg = Release|Any CPU
		{858C28F2-1B8C-9FF8-BF09-4B58E2AD881A}.Release|Any CPU.Build.0 = Release|Any CPU
		{F009BEEE-FED2-277E-2DB6-9ED4299659B6}.Debug|Any CPU.ActiveCfg = Debug|Any CPU
		{F009BEEE-FED2-277E-2DB6-9ED4299659B6}.Debug|Any CPU.Build.0 = Debug|Any CPU
		{F009BEEE-FED2-277E-2DB6-9ED4299659B6}.Release|Any CPU.ActiveCfg = Release|Any CPU
		{F009BEEE-FED2-277E-2DB6-9ED4299659B6}.Release|Any CPU.Build.0 = Release|Any CPU
		{869D4A3B-4E68-F637-0054-C75726FE3A9D}.Debug|Any CPU.ActiveCfg = Debug|Any CPU
		{869D4A3B-4E68-F637-0054-C75726FE3A9D}.Debug|Any CPU.Build.0 = Debug|Any CPU
		{869D4A3B-4E68-F637-0054-C75726FE3A9D}.Release|Any CPU.ActiveCfg = Release|Any CPU
		{869D4A3B-4E68-F637-0054-C75726FE3A9D}.Release|Any CPU.Build.0 = Release|Any CPU
	EndGlobalSection
	GlobalSection(SolutionProperties) = preSolution
		HideSolutionNode = FALSE
	EndGlobalSection
EndGlobal
